
Microsoft Visual Studio Solution File, Format Version 12.00
# Visual Studio Version 17
VisualStudioVersion = 17.6.33829.357
MinimumVisualStudioVersion = 10.0.40219.1
Project("{2150E333-8FDC-42A3-9474-1A3956D46DE8}") = "src", "src", "{35BA9746-37C4-48F3-814B-F896096C2F2C}"
EndProject
Project("{2150E333-8FDC-42A3-9474-1A3956D46DE8}") = "API", "API", "{1A4A3B3B-A50C-4F57-9DAA-B0593D301EFF}"
EndProject
Project("{2150E333-8FDC-42A3-9474-1A3956D46DE8}") = "Core", "Core", "{766BEF47-2634-47E7-BE30-66EFDCD0C879}"
EndProject
Project("{2150E333-8FDC-42A3-9474-1A3956D46DE8}") = "Infrastructure", "Infrastructure", "{0FE365B8-D6B1-44B3-9ECD-7A9738794B6B}"
EndProject
Project("{FAE04EC0-301F-11D3-BF4B-00C04F79EFBC}") = "SITHECH.Api", "SITHECH.Api\SITHECH.Api.csproj", "{82FB5353-B858-4AD6-AE1D-23917626DD03}"
EndProject
Project("{FAE04EC0-301F-11D3-BF4B-00C04F79EFBC}") = "SITHEC.Domain", "SITHEC.Domain\SITHEC.Domain.csproj", "{CDAB2CB9-251C-4D47-BAA3-EABEF17443A2}"
EndProject
Project("{FAE04EC0-301F-11D3-BF4B-00C04F79EFBC}") = "SITHEC.Persistence", "SITHEC.Persistence\SITHEC.Persistence.csproj", "{5C9D38B1-A3BD-4D3C-AD7C-6DD50ACACE04}"
EndProject
Project("{FAE04EC0-301F-11D3-BF4B-00C04F79EFBC}") = "SITHEC.Application", "SITHEC.Application\SITHEC.Application.csproj", "{6322ED23-FB46-4143-BE51-F7C395C27E20}"
EndProject
Global
	GlobalSection(SolutionConfigurationPlatforms) = preSolution
		Debug|Any CPU = Debug|Any CPU
		Release|Any CPU = Release|Any CPU
	EndGlobalSection
	GlobalSection(ProjectConfigurationPlatforms) = postSolution
		{82FB5353-B858-4AD6-AE1D-23917626DD03}.Debug|Any CPU.ActiveCfg = Debug|Any CPU
		{82FB5353-B858-4AD6-AE1D-23917626DD03}.Debug|Any CPU.Build.0 = Debug|Any CPU
		{82FB5353-B858-4AD6-AE1D-23917626DD03}.Release|Any CPU.ActiveCfg = Release|Any CPU
		{82FB5353-B858-4AD6-AE1D-23917626DD03}.Release|Any CPU.Build.0 = Release|Any CPU
		{CDAB2CB9-251C-4D47-BAA3-EABEF17443A2}.Debug|Any CPU.ActiveCfg = Debug|Any CPU
		{CDAB2CB9-251C-4D47-BAA3-EABEF17443A2}.Debug|Any CPU.Build.0 = Debug|Any CPU
		{CDAB2CB9-251C-4D47-BAA3-EABEF17443A2}.Release|Any CPU.ActiveCfg = Release|Any CPU
		{CDAB2CB9-251C-4D47-BAA3-EABEF17443A2}.Release|Any CPU.Build.0 = Release|Any CPU
		{5C9D38B1-A3BD-4D3C-AD7C-6DD50ACACE04}.Debug|Any CPU.ActiveCfg = Debug|Any CPU
		{5C9D38B1-A3BD-4D3C-AD7C-6DD50ACACE04}.Debug|Any CPU.Build.0 = Debug|Any CPU
		{5C9D38B1-A3BD-4D3C-AD7C-6DD50ACACE04}.Release|Any CPU.ActiveCfg = Release|Any CPU
		{5C9D38B1-A3BD-4D3C-AD7C-6DD50ACACE04}.Release|Any CPU.Build.0 = Release|Any CPU
		{6322ED23-FB46-4143-BE51-F7C395C27E20}.Debug|Any CPU.ActiveCfg = Debug|Any CPU
		{6322ED23-FB46-4143-BE51-F7C395C27E20}.Debug|Any CPU.Build.0 = Debug|Any CPU
		{6322ED23-FB46-4143-BE51-F7C395C27E20}.Release|Any CPU.ActiveCfg = Release|Any CPU
		{6322ED23-FB46-4143-BE51-F7C395C27E20}.Release|Any CPU.Build.0 = Release|Any CPU
	EndGlobalSection
	GlobalSection(SolutionProperties) = preSolution
		HideSolutionNode = FALSE
	EndGlobalSection
	GlobalSection(NestedProjects) = preSolution
		{1A4A3B3B-A50C-4F57-9DAA-B0593D301EFF} = {35BA9746-37C4-48F3-814B-F896096C2F2C}
		{766BEF47-2634-47E7-BE30-66EFDCD0C879} = {35BA9746-37C4-48F3-814B-F896096C2F2C}
		{0FE365B8-D6B1-44B3-9ECD-7A9738794B6B} = {35BA9746-37C4-48F3-814B-F896096C2F2C}
		{82FB5353-B858-4AD6-AE1D-23917626DD03} = {1A4A3B3B-A50C-4F57-9DAA-B0593D301EFF}
		{CDAB2CB9-251C-4D47-BAA3-EABEF17443A2} = {766BEF47-2634-47E7-BE30-66EFDCD0C879}
		{5C9D38B1-A3BD-4D3C-AD7C-6DD50ACACE04} = {0FE365B8-D6B1-44B3-9ECD-7A9738794B6B}
		{6322ED23-FB46-4143-BE51-F7C395C27E20} = {766BEF47-2634-47E7-BE30-66EFDCD0C879}
	EndGlobalSection
	GlobalSection(ExtensibilityGlobals) = postSolution
		SolutionGuid = {94E9E42F-C764-4CC6-A15C-FD664FD877CA}
	EndGlobalSection
EndGlobal
